
Microsoft Visual Studio Solution File, Format Version 12.00
# Visual Studio Version 17
VisualStudioVersion = 17.11.35208.52
MinimumVisualStudioVersion = 10.0.40219.1
Project("{9A19103F-16F7-4668-BE54-9A1E7A4F7556}") = "CryptoProfiteer", "CryptoProfiteer.csproj", "{106139BD-20BA-4EFC-85F8-3F361A701074}"
EndProject
Global
	GlobalSection(SolutionConfigurationPlatforms) = preSolution
		Debug|Any CPU = Debug|Any CPU
		Release|Any CPU = Release|Any CPU
	EndGlobalSection
	GlobalSection(ProjectConfigurationPlatforms) = postSolution
		{106139BD-20BA-4EFC-85F8-3F361A701074}.Debug|Any CPU.ActiveCfg = Debug|Any CPU
		{106139BD-20BA-4EFC-85F8-3F361A701074}.Debug|Any CPU.Build.0 = Debug|Any CPU
		{106139BD-20BA-4EFC-85F8-3F361A701074}.Release|Any CPU.ActiveCfg = Release|Any CPU
		{106139BD-20BA-4EFC-85F8-3F361A701074}.Release|Any CPU.Build.0 = Release|Any CPU
	EndGlobalSection
	GlobalSection(SolutionProperties) = preSolution
		HideSolutionNode = FALSE
	EndGlobalSection
	GlobalSection(ExtensibilityGlobals) = postSolution
		SolutionGuid = {B5545665-7DDF-4A5D-84A1-AB77212A1E8A}
	EndGlobalSection
EndGlobal
